
Microsoft Visual Studio Solution File, Format Version 12.00
# Visual Studio Version 17
VisualStudioVersion = 17.10.35013.160
MinimumVisualStudioVersion = 10.0.40219.1
Project("{FAE04EC0-301F-11D3-BF4B-00C04F79EFBC}") = "Topic 5.2 - If and Else Statements", "Topic 5.2 - If and Else Statements\Topic 5.2 - If and Else Statements.csproj", "{C7CB0D6E-DDFA-469A-A8D5-A64698A7BC46}"
EndProject
Global
	GlobalSection(SolutionConfigurationPlatforms) = preSolution
		Debug|Any CPU = Debug|Any CPU
		Release|Any CPU = Release|Any CPU
	EndGlobalSection
	GlobalSection(ProjectConfigurationPlatforms) = postSolution
		{C7CB0D6E-DDFA-469A-A8D5-A64698A7BC46}.Debug|Any CPU.ActiveCfg = Debug|Any CPU
		{C7CB0D6E-DDFA-469A-A8D5-A64698A7BC46}.Debug|Any CPU.Build.0 = Debug|Any CPU
		{C7CB0D6E-DDFA-469A-A8D5-A64698A7BC46}.Release|Any CPU.ActiveCfg = Release|Any CPU
		{C7CB0D6E-DDFA-469A-A8D5-A64698A7BC46}.Release|Any CPU.Build.0 = Release|Any CPU
	EndGlobalSection
	GlobalSection(SolutionProperties) = preSolution
		HideSolutionNode = FALSE
	EndGlobalSection
	GlobalSection(ExtensibilityGlobals) = postSolution
		SolutionGuid = {73EDF150-8D77-4DD5-98A4-19B58D00D4E7}
	EndGlobalSection
EndGlobal
